// !$*UTF8*$!
{
	archiveVersion = 1;
	classes = {
	};
	objectVersion = 48;
	objects = {

/* Begin PBXBuildFile section */
		EC08A0492033494D004FE85D /* set.swift in Sources */ = {isa = PBXBuildFile; fileRef = EC08A0482033494D004FE85D /* set.swift */; };
		EC198F7B203102B4002A60DC /* AppDelegate.swift in Sources */ = {isa = PBXBuildFile; fileRef = EC198F7A203102B4002A60DC /* AppDelegate.swift */; };
		EC198F7D203102B4002A60DC /* ViewController.swift in Sources */ = {isa = PBXBuildFile; fileRef = EC198F7C203102B4002A60DC /* ViewController.swift */; };
		EC198F80203102B4002A60DC /* Main.storyboard in Resources */ = {isa = PBXBuildFile; fileRef = EC198F7E203102B4002A60DC /* Main.storyboard */; };
		EC198F82203102B4002A60DC /* Assets.xcassets in Resources */ = {isa = PBXBuildFile; fileRef = EC198F81203102B4002A60DC /* Assets.xcassets */; };
		EC198F85203102B4002A60DC /* LaunchScreen.storyboard in Resources */ = {isa = PBXBuildFile; fileRef = EC198F83203102B4002A60DC /* LaunchScreen.storyboard */; };
		EC198F8D20310322002A60DC /* card.swift in Sources */ = {isa = PBXBuildFile; fileRef = EC198F8C20310322002A60DC /* card.swift */; };
		ECDB95A52032DB3D00D928DF /* deckOfCards.swift in Sources */ = {isa = PBXBuildFile; fileRef = ECDB95A42032DB3D00D928DF /* deckOfCards.swift */; };
/* End PBXBuildFile section */

/* Begin PBXFileReference section */
		EC08A0482033494D004FE85D /* set.swift */ = {isa = PBXFileReference; lastKnownFileType = sourcecode.swift; path = set.swift; sourceTree = "<group>"; };
		EC198F77203102B4002A60DC /* set.app */ = {isa = PBXFileReference; explicitFileType = wrapper.application; includeInIndex = 0; path = set.app; sourceTree = BUILT_PRODUCTS_DIR; };
		EC198F7A203102B4002A60DC /* AppDelegate.swift */ = {isa = PBXFileReference; lastKnownFileType = sourcecode.swift; path = AppDelegate.swift; sourceTree = "<group>"; };
		EC198F7C203102B4002A60DC /* ViewController.swift */ = {isa = PBXFileReference; lastKnownFileType = sourcecode.swift; path = ViewController.swift; sourceTree = "<group>"; };
		EC198F7F203102B4002A60DC /* Base */ = {isa = PBXFileReference; lastKnownFileType = file.storyboard; name = Base; path = Base.lproj/Main.storyboard; sourceTree = "<group>"; };
		EC198F81203102B4002A60DC /* Assets.xcassets */ = {isa = PBXFileReference; lastKnownFileType = folder.assetcatalog; path = Assets.xcassets; sourceTree = "<group>"; };
		EC198F84203102B4002A60DC /* Base */ = {isa = PBXFileReference; lastKnownFileType = file.storyboard; name = Base; path = Base.lproj/LaunchScreen.storyboard; sourceTree = "<group>"; };
		EC198F86203102B4002A60DC /* Info.plist */ = {isa = PBXFileReference; lastKnownFileType = text.plist.xml; path = Info.plist; sourceTree = "<group>"; };
		EC198F8C20310322002A60DC /* card.swift */ = {isa = PBXFileReference; lastKnownFileType = sourcecode.swift; path = card.swift; sourceTree = "<group>"; };
		ECDB95A42032DB3D00D928DF /* deckOfCards.swift */ = {isa = PBXFileReference; lastKnownFileType = sourcecode.swift; path = deckOfCards.swift; sourceTree = "<group>"; };
/* End PBXFileReference section */

/* Begin PBXFrameworksBuildPhase section */
		EC198F74203102B4002A60DC /* Frameworks */ = {
			isa = PBXFrameworksBuildPhase;
			buildActionMask = 2147483647;
			files = (
			);
			runOnlyForDeploymentPostprocessing = 0;
		};
/* End PBXFrameworksBuildPhase section */

/* Begin PBXGroup section */
		EC198F6E203102B4002A60DC = {
			isa = PBXGroup;
			children = (
				EC198F79203102B4002A60DC /* set */,
				EC198F78203102B4002A60DC /* Products */,
			);
			sourceTree = "<group>";
		};
		EC198F78203102B4002A60DC /* Products */ = {
			isa = PBXGroup;
			children = (
				EC198F77203102B4002A60DC /* set.app */,
			);
			name = Products;
			sourceTree = "<group>";
		};
		EC198F79203102B4002A60DC /* set */ = {
			isa = PBXGroup;
			children = (
				EC198F7A203102B4002A60DC /* AppDelegate.swift */,
				EC198F7C203102B4002A60DC /* ViewController.swift */,
				EC198F7E203102B4002A60DC /* Main.storyboard */,
				EC198F81203102B4002A60DC /* Assets.xcassets */,
				EC198F8C20310322002A60DC /* card.swift */,
				EC08A0482033494D004FE85D /* set.swift */,
				ECDB95A42032DB3D00D928DF /* deckOfCards.swift */,
				EC198F83203102B4002A60DC /* LaunchScreen.storyboard */,
				EC198F86203102B4002A60DC /* Info.plist */,
			);
			path = set;
			sourceTree = "<group>";
		};
/* End PBXGroup section */

/* Begin PBXNativeTarget section */
		EC198F76203102B4002A60DC /* set */ = {
			isa = PBXNativeTarget;
			buildConfigurationList = EC198F89203102B4002A60DC /* Build configuration list for PBXNativeTarget "set" */;
			buildPhases = (
				EC198F73203102B4002A60DC /* Sources */,
				EC198F74203102B4002A60DC /* Frameworks */,
				EC198F75203102B4002A60DC /* Resources */,
			);
			buildRules = (
			);
			dependencies = (
			);
			name = set;
			productName = set;
			productReference = EC198F77203102B4002A60DC /* set.app */;
			productType = "com.apple.product-type.application";
		};
/* End PBXNativeTarget section */

/* Begin PBXProject section */
		EC198F6F203102B4002A60DC /* Project object */ = {
			isa = PBXProject;
			attributes = {
				LastSwiftUpdateCheck = 0920;
				LastUpgradeCheck = 0920;
				ORGANIZATIONNAME = "Yogesh Manghnani";
				TargetAttributes = {
					EC198F76203102B4002A60DC = {
						CreatedOnToolsVersion = 9.2;
						ProvisioningStyle = Automatic;
					};
				};
			};
			buildConfigurationList = EC198F72203102B4002A60DC /* Build configuration list for PBXProject "set" */;
			compatibilityVersion = "Xcode 8.0";
			developmentRegion = en;
			hasScannedForEncodings = 0;
			knownRegions = (
				en,
				Base,
			);
			mainGroup = EC198F6E203102B4002A60DC;
			productRefGroup = EC198F78203102B4002A60DC /* Products */;
			projectDirPath = "";
			projectRoot = "";
			targets = (
				EC198F76203102B4002A60DC /* set */,
			);
		};
/* End PBXProject section */

/* Begin PBXResourcesBuildPhase section */
		EC198F75203102B4002A60DC /* Resources */ = {
			isa = PBXResourcesBuildPhase;
			buildActionMask = 2147483647;
			files = (
				EC198F85203102B4002A60DC /* LaunchScreen.storyboard in Resources */,
				EC198F82203102B4002A60DC /* Assets.xcassets in Resources */,
				EC198F80203102B4002A60DC /* Main.storyboard in Resources */,
			);
			runOnlyForDeploymentPostprocessing = 0;
		};
/* End PBXResourcesBuildPhase section */

/* Begin PBXSourcesBuildPhase section */
		EC198F73203102B4002A60DC /* Sources */ = {
			isa = PBXSourcesBuildPhase;
			buildActionMask = 2147483647;
			files = (
				EC198F8D20310322002A60DC /* card.swift in Sources */,
				ECDB95A52032DB3D00D928DF /* deckOfCards.swift in Sources */,
				EC198F7D203102B4002A60DC /* ViewController.swift in Sources */,
				EC08A0492033494D004FE85D /* set.swift in Sources */,
				EC198F7B203102B4002A60DC /* AppDelegate.swift in Sources */,
			);
			runOnlyForDeploymentPostprocessing = 0;
		};
/* End PBXSourcesBuildPhase section */

/* Begin PBXVariantGroup section */
		EC198F7E203102B4002A60DC /* Main.storyboard */ = {
			isa = PBXVariantGroup;
			children = (
				EC198F7F203102B4002A60DC /* Base */,
			);
			name = Main.storyboard;
			sourceTree = "<group>";
		};
		EC198F83203102B4002A60DC /* LaunchScreen.storyboard */ = {
			isa = PBXVariantGroup;
			children = (
				EC198F84203102B4002A60DC /* Base */,
			);
			name = LaunchScreen.storyboard;
			sourceTree = "<group>";
		};
/* End PBXVariantGroup section */

/* Begin XCBuildConfiguration section */
		EC198F87203102B4002A60DC /* Debug */ = {
			isa = XCBuildConfiguration;
			buildSettings = {
				ALWAYS_SEARCH_USER_PATHS = NO;
				CLANG_ANALYZER_NONNULL = YES;
				CLANG_ANALYZER_NUMBER_OBJECT_CONVERSION = YES_AGGRESSIVE;
				CLANG_CXX_LANGUAGE_STANDARD = "gnu++14";
				CLANG_CXX_LIBRARY = "libc++";
				CLANG_ENABLE_MODULES = YES;
				CLANG_ENABLE_OBJC_ARC = YES;
				CLANG_WARN_BLOCK_CAPTURE_AUTORELEASING = YES;
				CLANG_WARN_BOOL_CONVERSION = YES;
				CLANG_WARN_COMMA = YES;
				CLANG_WARN_CONSTANT_CONVERSION = YES;
				CLANG_WARN_DIRECT_OBJC_ISA_USAGE = YES_ERROR;
				CLANG_WARN_DOCUMENTATION_COMMENTS = YES;
				CLANG_WARN_EMPTY_BODY = YES;
				CLANG_WARN_ENUM_CONVERSION = YES;
				CLANG_WARN_INFINITE_RECURSION = YES;
				CLANG_WARN_INT_CONVERSION = YES;
				CLANG_WARN_NON_LITERAL_NULL_CONVERSION = YES;
				CLANG_WARN_OBJC_LITERAL_CONVERSION = YES;
				CLANG_WARN_OBJC_ROOT_CLASS = YES_ERROR;
				CLANG_WARN_RANGE_LOOP_ANALYSIS = YES;
				CLANG_WARN_STRICT_PROTOTYPES = YES;
				CLANG_WARN_SUSPICIOUS_MOVE = YES;
				CLANG_WARN_UNGUARDED_AVAILABILITY = YES_AGGRESSIVE;
				CLANG_WARN_UNREACHABLE_CODE = YES;
				CLANG_WARN__DUPLICATE_METHOD_MATCH = YES;
				CODE_SIGN_IDENTITY = "iPhone Developer";
				COPY_PHASE_STRIP = NO;
				DEBUG_INFORMATION_FORMAT = dwarf;
				ENABLE_STRICT_OBJC_MSGSEND = YES;
				ENABLE_TESTABILITY = YES;
				GCC_C_LANGUAGE_STANDARD = gnu11;
				GCC_DYNAMIC_NO_PIC = NO;
				GCC_NO_COMMON_BLOCKS = YES;
				GCC_OPTIMIZATION_LEVEL = 0;
				GCC_PREPROCESSOR_DEFINITIONS = (
					"DEBUG=1",
					"$(inherited)",
				);
				GCC_WARN_64_TO_32_BIT_CONVERSION = YES;
				GCC_WARN_ABOUT_RETURN_TYPE = YES_ERROR;
				GCC_WARN_UNDECLARED_SELECTOR = YES;
				GCC_WARN_UNINITIALIZED_AUTOS = YES_AGGRESSIVE;
				GCC_WARN_UNUSED_FUNCTION = YES;
				GCC_WARN_UNUSED_VARIABLE = YES;
				IPHONEOS_DEPLOYMENT_TARGET = 11.2;
				MTL_ENABLE_DEBUG_INFO = YES;
				ONLY_ACTIVE_ARCH = YES;
				SDKROOT = iphoneos;
				SWIFT_ACTIVE_COMPILATION_CONDITIONS = DEBUG;
				SWIFT_OPTIMIZATION_LEVEL = "-Onone";
			};
			name = Debug;
		};
		EC198F88203102B4002A60DC /* Release */ = {
			isa = XCBuildConfiguration;
			buildSettings = {
				ALWAYS_SEARCH_USER_PATHS = NO;
				CLANG_ANALYZER_NONNULL = YES;
				CLANG_ANALYZER_NUMBER_OBJECT_CONVERSION = YES_AGGRESSIVE;
				CLANG_CXX_LANGUAGE_STANDARD = "gnu++14";
				CLANG_CXX_LIBRARY = "libc++";
				CLANG_ENABLE_MODULES = YES;
				CLANG_ENABLE_OBJC_ARC = YES;
				CLANG_WARN_BLOCK_CAPTURE_AUTORELEASING = YES;
				CLANG_WARN_BOOL_CONVERSION = YES;
				CLANG_WARN_COMMA = YES;
				CLANG_WARN_CONSTANT_CONVERSION = YES;
				CLANG_WARN_DIRECT_OBJC_ISA_USAGE = YES_ERROR;
				CLANG_WARN_DOCUMENTATION_COMMENTS = YES;
				CLANG_WARN_EMPTY_BODY = YES;
				CLANG_WARN_ENUM_CONVERSION = YES;
				CLANG_WARN_INFINITE_RECURSION = YES;
				CLANG_WARN_INT_CONVERSION = YES;
				CLANG_WARN_NON_LITERAL_NULL_CONVERSION = YES;
				CLANG_WARN_OBJC_LITERAL_CONVERSION = YES;
				CLANG_WARN_OBJC_ROOT_CLASS = YES_ERROR;
				CLANG_WARN_RANGE_LOOP_ANALYSIS = YES;
				CLANG_WARN_STRICT_PROTOTYPES = YES;
				CLANG_WARN_SUSPICIOUS_MOVE = YES;
				CLANG_WARN_UNGUARDED_AVAILABILITY = YES_AGGRESSIVE;
				CLANG_WARN_UNREACHABLE_CODE = YES;
				CLANG_WARN__DUPLICATE_METHOD_MATCH = YES;
				CODE_SIGN_IDENTITY = "iPhone Developer";
				COPY_PHASE_STRIP = NO;
				DEBUG_INFORMATION_FORMAT = "dwarf-with-dsym";
				ENABLE_NS_ASSERTIONS = NO;
				ENABLE_STRICT_OBJC_MSGSEND = YES;
				GCC_C_LANGUAGE_STANDARD = gnu11;
				GCC_NO_COMMON_BLOCKS = YES;
				GCC_WARN_64_TO_32_BIT_CONVERSION = YES;
				GCC_WARN_ABOUT_RETURN_TYPE = YES_ERROR;
				GCC_WARN_UNDECLARED_SELECTOR = YES;
				GCC_WARN_UNINITIALIZED_AUTOS = YES_AGGRESSIVE;
				GCC_WARN_UNUSED_FUNCTION = YES;
				GCC_WARN_UNUSED_VARIABLE = YES;
				IPHONEOS_DEPLOYMENT_TARGET = 11.2;
				MTL_ENABLE_DEBUG_INFO = NO;
				SDKROOT = iphoneos;
				SWIFT_OPTIMIZATION_LEVEL = "-Owholemodule";
				VALIDATE_PRODUCT = YES;
			};
			name = Release;
		};
		EC198F8A203102B4002A60DC /* Debug */ = {
			isa = XCBuildConfiguration;
			buildSettings = {
				ASSETCATALOG_COMPILER_APPICON_NAME = AppIcon;
				CODE_SIGN_STYLE = Automatic;
				DEVELOPMENT_TEAM = V434M6EPQ5;
				INFOPLIST_FILE = set/Info.plist;
				LD_RUNPATH_SEARCH_PATHS = "$(inherited) @executable_path/Frameworks";
				PRODUCT_BUNDLE_IDENTIFIER = com.yogeshmanghnani.sets;
				PRODUCT_NAME = "$(TARGET_NAME)";
				SWIFT_VERSION = 4.0;
				TARGETED_DEVICE_FAMILY = "1,2";
			};
			name = Debug;
		};
		EC198F8B203102B4002A60DC /* Release */ = {
			isa = XCBuildConfiguration;
			buildSettings = {
				ASSETCATALOG_COMPILER_APPICON_NAME = AppIcon;
				CODE_SIGN_STYLE = Automatic;
				DEVELOPMENT_TEAM = V434M6EPQ5;
				INFOPLIST_FILE = set/Info.plist;
				LD_RUNPATH_SEARCH_PATHS = "$(inherited) @executable_path/Frameworks";
				PRODUCT_BUNDLE_IDENTIFIER = com.yogeshmanghnani.sets;
				PRODUCT_NAME = "$(TARGET_NAME)";
				SWIFT_VERSION = 4.0;
				TARGETED_DEVICE_FAMILY = "1,2";
			};
			name = Release;
		};
/* End XCBuildConfiguration section */

/* Begin XCConfigurationList section */
		EC198F72203102B4002A60DC /* Build configuration list for PBXProject "set" */ = {
			isa = XCConfigurationList;
			buildConfigurations = (
				EC198F87203102B4002A60DC /* Debug */,
				EC198F88203102B4002A60DC /* Release */,
			);
			defaultConfigurationIsVisible = 0;
			defaultConfigurationName = Release;
		};
		EC198F89203102B4002A60DC /* Build configuration list for PBXNativeTarget "set" */ = {
			isa = XCConfigurationList;
			buildConfigurations = (
				EC198F8A203102B4002A60DC /* Debug */,
				EC198F8B203102B4002A60DC /* Release */,
			);
			defaultConfigurationIsVisible = 0;
			defaultConfigurationName = Release;
		};
/* End XCConfigurationList section */
	};
	rootObject = EC198F6F203102B4002A60DC /* Project object */;
}
